FORGE
  remote: http://forge.puppetlabs.com
  specs:
    darin/zypprepo (1.0.1)
    garethr/docker (1.0.1)
      puppetlabs/apt (>= 1.1.0)
      puppetlabs/stdlib (>= 4.1.0)
      stahnma/epel (>= 0.0.6)
    puppetlabs/apt (1.5.0)
      puppetlabs/stdlib (>= 2.2.1)
    puppetlabs/java (1.1.1)
      puppetlabs/stdlib (>= 0.1.6)
    puppetlabs/stdlib (4.2.2)
    rtyler/jenkins (1.1.0)
      darin/zypprepo (>= 1.0.1)
      puppetlabs/apt (>= 0.0.3)
      puppetlabs/java (>= 1.0.1)
      puppetlabs/stdlib (>= 2.0.0)
    stahnma/epel (0.0.6)

DEPENDENCIES
  garethr/docker (>= 0)
  puppetlabs/stdlib (>= 0)
  rtyler/jenkins (>= 0)

